
Microsoft Visual Studio Solution File, Format Version 12.00
# Visual Studio Version 17
VisualStudioVersion = 17.11.35312.102
MinimumVisualStudioVersion = 10.0.40219.1
Project("{9A19103F-16F7-4668-BE54-9A1E7A4F7556}") = "ExpenseTracker", "ExpenseTracker\ExpenseTracker.csproj", "{324BF63F-FD09-4A86-A5B3-DA4D9EBA0218}"
EndProject
Global
	GlobalSection(SolutionConfigurationPlatforms) = preSolution
		Debug|Any CPU = Debug|Any CPU
		Release|Any CPU = Release|Any CPU
	EndGlobalSection
	GlobalSection(ProjectConfigurationPlatforms) = postSolution
		{324BF63F-FD09-4A86-A5B3-DA4D9EBA0218}.Debug|Any CPU.ActiveCfg = Debug|Any CPU
		{324BF63F-FD09-4A86-A5B3-DA4D9EBA0218}.Debug|Any CPU.Build.0 = Debug|Any CPU
		{324BF63F-FD09-4A86-A5B3-DA4D9EBA0218}.Debug|Any CPU.Deploy.0 = Debug|Any CPU
		{324BF63F-FD09-4A86-A5B3-DA4D9EBA0218}.Release|Any CPU.ActiveCfg = Release|Any CPU
		{324BF63F-FD09-4A86-A5B3-DA4D9EBA0218}.Release|Any CPU.Build.0 = Release|Any CPU
		{324BF63F-FD09-4A86-A5B3-DA4D9EBA0218}.Release|Any CPU.Deploy.0 = Release|Any CPU
	EndGlobalSection
	GlobalSection(SolutionProperties) = preSolution
		HideSolutionNode = FALSE
	EndGlobalSection
	GlobalSection(ExtensibilityGlobals) = postSolution
		SolutionGuid = {4F1F37CF-4180-44F9-87FF-FF2DEE128E57}
	EndGlobalSection
EndGlobal
